
Microsoft Visual Studio Solution File, Format Version 12.00
# Visual Studio Version 16
VisualStudioVersion = 16.0.30128.74
MinimumVisualStudioVersion = 10.0.40219.1
Project("{FAE04EC0-301F-11D3-BF4B-00C04F79EFBC}") = "HumanResourcesAdmin", "HumanResourcesAdmin.csproj", "{F62A205B-70E9-4ADC-B907-2083AAA569DA}"
EndProject
Global
	GlobalSection(SolutionConfigurationPlatforms) = preSolution
		Debug|Any CPU = Debug|Any CPU
		Release|Any CPU = Release|Any CPU
	EndGlobalSection
	GlobalSection(ProjectConfigurationPlatforms) = postSolution
		{F62A205B-70E9-4ADC-B907-2083AAA569DA}.Debug|Any CPU.ActiveCfg = Debug|Any CPU
		{F62A205B-70E9-4ADC-B907-2083AAA569DA}.Debug|Any CPU.Build.0 = Debug|Any CPU
		{F62A205B-70E9-4ADC-B907-2083AAA569DA}.Release|Any CPU.ActiveCfg = Release|Any CPU
		{F62A205B-70E9-4ADC-B907-2083AAA569DA}.Release|Any CPU.Build.0 = Release|Any CPU
	EndGlobalSection
	GlobalSection(SolutionProperties) = preSolution
		HideSolutionNode = FALSE
	EndGlobalSection
	GlobalSection(ExtensibilityGlobals) = postSolution
		SolutionGuid = {23C0FCA8-13DA-4795-B472-2C5B6AAEAF78}
	EndGlobalSection
EndGlobal
